
Microsoft Visual Studio Solution File, Format Version 12.00
# Visual Studio 2015
Project("{FAE04EC0-301F-11D3-BF4B-00C04F79EFBC}") = "FP", "FP.csproj", "{607BD1F7-930A-C2D0-748A-B1F3B8B7B276}"
EndProject
Global
	GlobalSection(SolutionConfigurationPlatforms) = preSolution
		Debug|Any CPU = Debug|Any CPU
		Release|Any CPU = Release|Any CPU
	EndGlobalSection
	GlobalSection(ProjectConfigurationPlatforms) = postSolution
		{607BD1F7-930A-C2D0-748A-B1F3B8B7B276}.Debug|Any CPU.ActiveCfg = Debug|Any CPU
		{607BD1F7-930A-C2D0-748A-B1F3B8B7B276}.Debug|Any CPU.Build.0 = Debug|Any CPU
		{607BD1F7-930A-C2D0-748A-B1F3B8B7B276}.Release|Any CPU.ActiveCfg = Release|Any CPU
		{607BD1F7-930A-C2D0-748A-B1F3B8B7B276}.Release|Any CPU.Build.0 = Release|Any CPU
	EndGlobalSection
	GlobalSection(SolutionProperties) = preSolution
		HideSolutionNode = FALSE
	EndGlobalSection
EndGlobal
